
Microsoft Visual Studio Solution File, Format Version 12.00
# Visual Studio 14
VisualStudioVersion = 14.0.24720.0
MinimumVisualStudioVersion = 10.0.40219.1
Project("{FAE04EC0-301F-11D3-BF4B-00C04F79EFBC}") = "Arno.Tools", "Arno.Tools\Arno.Tools.csproj", "{8A53FB20-39E8-49E8-8103-D1ED8DFFAD9C}"
EndProject
Project("{FAE04EC0-301F-11D3-BF4B-00C04F79EFBC}") = "Arno.Tools.Data", "Arno.Tools.Data\Arno.Tools.Data.csproj", "{542B7DA3-F999-452B-9EDB-D3A6C1D94AD7}"
EndProject
Project("{FAE04EC0-301F-11D3-BF4B-00C04F79EFBC}") = "Arno.Tools.Data.Tests", "Arno.Tools.Data.Tests\Arno.Tools.Data.Tests.csproj", "{0CBEE84E-E99F-4AC4-B60F-CB47850DE544}"
EndProject
Global
	GlobalSection(SolutionConfigurationPlatforms) = preSolution
		Debug|Any CPU = Debug|Any CPU
		Release|Any CPU = Release|Any CPU
	EndGlobalSection
	GlobalSection(ProjectConfigurationPlatforms) = postSolution
		{8A53FB20-39E8-49E8-8103-D1ED8DFFAD9C}.Debug|Any CPU.ActiveCfg = Debug|Any CPU
		{8A53FB20-39E8-49E8-8103-D1ED8DFFAD9C}.Debug|Any CPU.Build.0 = Debug|Any CPU
		{8A53FB20-39E8-49E8-8103-D1ED8DFFAD9C}.Release|Any CPU.ActiveCfg = Release|Any CPU
		{8A53FB20-39E8-49E8-8103-D1ED8DFFAD9C}.Release|Any CPU.Build.0 = Release|Any CPU
		{542B7DA3-F999-452B-9EDB-D3A6C1D94AD7}.Debug|Any CPU.ActiveCfg = Debug|Any CPU
		{542B7DA3-F999-452B-9EDB-D3A6C1D94AD7}.Debug|Any CPU.Build.0 = Debug|Any CPU
		{542B7DA3-F999-452B-9EDB-D3A6C1D94AD7}.Release|Any CPU.ActiveCfg = Release|Any CPU
		{542B7DA3-F999-452B-9EDB-D3A6C1D94AD7}.Release|Any CPU.Build.0 = Release|Any CPU
		{0CBEE84E-E99F-4AC4-B60F-CB47850DE544}.Debug|Any CPU.ActiveCfg = Debug|Any CPU
		{0CBEE84E-E99F-4AC4-B60F-CB47850DE544}.Debug|Any CPU.Build.0 = Debug|Any CPU
		{0CBEE84E-E99F-4AC4-B60F-CB47850DE544}.Release|Any CPU.ActiveCfg = Release|Any CPU
		{0CBEE84E-E99F-4AC4-B60F-CB47850DE544}.Release|Any CPU.Build.0 = Release|Any CPU
	EndGlobalSection
	GlobalSection(SolutionProperties) = preSolution
		HideSolutionNode = FALSE
	EndGlobalSection
EndGlobal
